{
  "version": 4,
  "terraform_version": "0.14.3",
  "serial": 78,
  "lineage": "022defca-7641-2da0-8807-db2f0d425b10",
  "outputs": {
    "server_ip": {
      "value": "178.128.82.33",
      "type": "string"
    }
  },
  "resources": [
    {
      "mode": "managed",
      "type": "digitalocean_domain",
      "name": "antrian-sehat-domain",
      "provider": "provider[\"registry.terraform.io/digitalocean/digitalocean\"]",
      "instances": [
        {
          "schema_version": 0,
          "attributes": {
            "id": "antrian-sehat.me",
            "ip_address": "178.128.82.33",
            "name": "antrian-sehat.me",
            "urn": "do:domain:antrian-sehat.me"
          },
          "sensitive_attributes": [],
          "private": "bnVsbA==",
          "dependencies": [
            "digitalocean_droplet.antrian-sehat"
          ]
        }
      ]
    },
    {
      "mode": "managed",
      "type": "digitalocean_droplet",
      "name": "antrian-sehat",
      "provider": "provider[\"registry.terraform.io/digitalocean/digitalocean\"]",
      "instances": [
        {
          "schema_version": 1,
          "attributes": {
            "backups": false,
            "created_at": "2021-01-12T07:16:02Z",
            "disk": 25,
            "id": "225949808",
            "image": "ubuntu-18-04-x64",
            "ipv4_address": "178.128.82.33",
            "ipv4_address_private": "10.104.0.2",
            "ipv6": false,
            "ipv6_address": "",
            "locked": false,
            "memory": 1024,
            "monitoring": false,
            "name": "antrian-sehat",
            "price_hourly": 0.00744,
            "price_monthly": 5,
            "private_networking": true,
            "region": "sgp1",
            "resize_disk": true,
            "size": "s-1vcpu-1gb",
            "ssh_keys": [
              "fc:61:a4:ca:83:48:85:66:69:0e:59:e0:9f:ac:3d:72"
            ],
            "status": "active",
            "tags": null,
            "urn": "do:droplet:225949808",
            "user_data": null,
            "vcpus": 1,
            "volume_ids": [],
            "vpc_uuid": "7138357a-9729-4865-abba-9146a18c9ee0"
          },
          "sensitive_attributes": [],
          "private": "eyJzY2hlbWFfdmVyc2lvbiI6IjEifQ==",
          "create_before_destroy": true
        }
      ]
    },
    {
      "mode": "managed",
      "type": "digitalocean_firewall",
      "name": "antrian-sehat-firewall",
      "provider": "provider[\"registry.terraform.io/digitalocean/digitalocean\"]",
      "instances": [
        {
          "schema_version": 0,
          "attributes": {
            "created_at": "2021-01-12T07:16:47Z",
            "droplet_ids": [
              225949808
            ],
            "id": "a5584282-612c-4b46-8aaf-caddfa95ece8",
            "inbound_rule": [
              {
                "port_range": "22",
                "protocol": "tcp",
                "source_addresses": [
                  "0.0.0.0/0"
                ],
                "source_droplet_ids": [],
                "source_load_balancer_uids": [],
                "source_tags": []
              },
              {
                "port_range": "443",
                "protocol": "tcp",
                "source_addresses": [
                  "0.0.0.0/0"
                ],
                "source_droplet_ids": [],
                "source_load_balancer_uids": [],
                "source_tags": []
              },
              {
                "port_range": "80",
                "protocol": "tcp",
                "source_addresses": [
                  "0.0.0.0/0"
                ],
                "source_droplet_ids": [],
                "source_load_balancer_uids": [],
                "source_tags": []
              }
            ],
            "name": "antrian-sehat-firewall",
            "outbound_rule": [
              {
                "destination_addresses": [
                  "0.0.0.0/0"
                ],
                "destination_droplet_ids": [],
                "destination_load_balancer_uids": [],
                "destination_tags": [],
                "port_range": "all",
                "protocol": "tcp"
              },
              {
                "destination_addresses": [
                  "0.0.0.0/0"
                ],
                "destination_droplet_ids": [],
                "destination_load_balancer_uids": [],
                "destination_tags": [],
                "port_range": "all",
                "protocol": "udp"
              }
            ],
            "pending_changes": [
              {
                "droplet_id": 225949808,
                "removing": false,
                "status": "waiting"
              }
            ],
            "status": "waiting",
            "tags": null
          },
          "sensitive_attributes": [],
          "private": "bnVsbA==",
          "dependencies": [
            "digitalocean_droplet.antrian-sehat"
          ]
        }
      ]
    },
    {
      "mode": "managed",
      "type": "digitalocean_record",
      "name": "api",
      "provider": "provider[\"registry.terraform.io/digitalocean/digitalocean\"]",
      "instances": [
        {
          "schema_version": 0,
          "attributes": {
            "domain": "antrian-sehat.me",
            "flags": 0,
            "fqdn": "api.antrian-sehat.me",
            "id": "129658469",
            "name": "api",
            "port": 0,
            "priority": 0,
            "tag": "",
            "ttl": 1800,
            "type": "A",
            "value": "178.128.82.33",
            "weight": 0
          },
          "sensitive_attributes": [],
          "private": "bnVsbA==",
          "dependencies": [
            "digitalocean_domain.antrian-sehat-domain",
            "digitalocean_droplet.antrian-sehat"
          ]
        }
      ]
    },
    {
      "mode": "managed",
      "type": "digitalocean_record",
      "name": "www",
      "provider": "provider[\"registry.terraform.io/digitalocean/digitalocean\"]",
      "instances": [
        {
          "schema_version": 0,
          "attributes": {
            "domain": "antrian-sehat.me",
            "flags": 0,
            "fqdn": "www.antrian-sehat.me",
            "id": "129658468",
            "name": "www",
            "port": 0,
            "priority": 0,
            "tag": "",
            "ttl": 1800,
            "type": "A",
            "value": "178.128.82.33",
            "weight": 0
          },
          "sensitive_attributes": [],
          "private": "bnVsbA==",
          "dependencies": [
            "digitalocean_domain.antrian-sehat-domain",
            "digitalocean_droplet.antrian-sehat"
          ]
        }
      ]
    }
  ]
}
